
Microsoft Visual Studio Solution File, Format Version 12.00
# Visual Studio Version 17
VisualStudioVersion = 17.13.35931.197 d17.13
MinimumVisualStudioVersion = 10.0.40219.1
Project("{FAE04EC0-301F-11D3-BF4B-00C04F79EFBC}") = "malsinon", "malsinon.csproj", "{652D0576-096E-44FA-8F7C-1C47C0F32B34}"
EndProject
Global
	GlobalSection(SolutionConfigurationPlatforms) = preSolution
		Debug|Any CPU = Debug|Any CPU
		Release|Any CPU = Release|Any CPU
	EndGlobalSection
	GlobalSection(ProjectConfigurationPlatforms) = postSolution
		{652D0576-096E-44FA-8F7C-1C47C0F32B34}.Debug|Any CPU.ActiveCfg = Debug|Any CPU
		{652D0576-096E-44FA-8F7C-1C47C0F32B34}.Debug|Any CPU.Build.0 = Debug|Any CPU
		{652D0576-096E-44FA-8F7C-1C47C0F32B34}.Release|Any CPU.ActiveCfg = Release|Any CPU
		{652D0576-096E-44FA-8F7C-1C47C0F32B34}.Release|Any CPU.Build.0 = Release|Any CPU
	EndGlobalSection
	GlobalSection(SolutionProperties) = preSolution
		HideSolutionNode = FALSE
	EndGlobalSection
	GlobalSection(ExtensibilityGlobals) = postSolution
		SolutionGuid = {8B90A6B9-B13E-4078-AE88-7736DE435D5A}
	EndGlobalSection
EndGlobal
